{
    "_readme": [
        "This file locks the dependencies of your project to a known state",
        "Read more about it at http://getcomposer.org/doc/01-basic-usage.md#composer-lock-the-lock-file",
        "This file is @generated automatically"
    ],
    "hash": "79eda0fe27945090c3bcc4dfd3b3c831",
    "packages": [
        {
            "name": "renanvaz/u",
            "version": "dev-master",
            "source": {
                "type": "git",
                "url": "https://github.com/renanvaz/u.git",
                "reference": "176f5aeacd2c1009bbe9a90c5c01f35675ad8e11"
            },
            "dist": {
                "type": "zip",
                "url": "https://api.github.com/repos/renanvaz/u/zipball/176f5aeacd2c1009bbe9a90c5c01f35675ad8e11",
                "reference": "176f5aeacd2c1009bbe9a90c5c01f35675ad8e11",
                "shasum": ""
            },
            "require": {
                "php": ">=5.4.0"
            },
            "type": "library",
            "autoload": {
                "psr-0": {
                    "ULib\\": "src/"
                }
            },
            "notification-url": "https://packagist.org/downloads/",
            "license": [
                "MIT"
            ],
            "authors": [
                {
                    "name": "Renan Vaz",
                    "email": "renan.c.vaz@gmail.com"
                }
            ],
            "description": "U - Unit Test Lib",
            "time": "2015-03-08 00:28:18"
        },
        {
            "name": "symfony/console",
            "version": "dev-master",
            "target-dir": "Symfony/Component/Console",
            "source": {
                "type": "git",
                "url": "https://github.com/symfony/Console.git",
                "reference": "d224b2382e926128015e3d60321bbe52e1560f19"
            },
            "dist": {
                "type": "zip",
                "url": "https://api.github.com/repos/symfony/Console/zipball/d224b2382e926128015e3d60321bbe52e1560f19",
                "reference": "d224b2382e926128015e3d60321bbe52e1560f19",
                "shasum": ""
            },
            "require": {
                "php": ">=5.5.9"
            },
            "require-dev": {
                "psr/log": "~1.0",
                "symfony/event-dispatcher": "~2.7|~3.0",
                "symfony/phpunit-bridge": "~2.7|~3.0",
                "symfony/process": "~2.7|~3.0"
            },
            "suggest": {
                "psr/log": "For using the console logger",
                "symfony/event-dispatcher": "",
                "symfony/process": ""
            },
            "type": "library",
            "extra": {
                "branch-alias": {
                    "dev-master": "3.0-dev"
                }
            },
            "autoload": {
                "psr-0": {
                    "Symfony\\Component\\Console\\": ""
                }
            },
            "notification-url": "https://packagist.org/downloads/",
            "license": [
                "MIT"
            ],
            "authors": [
                {
                    "name": "Symfony Community",
                    "homepage": "http://symfony.com/contributors"
                },
                {
                    "name": "Fabien Potencier",
                    "email": "fabien@symfony.com"
                }
            ],
            "description": "Symfony Console Component",
            "homepage": "http://symfony.com",
            "time": "2015-03-07 07:44:26"
        }
    ],
    "packages-dev": [],
    "aliases": [],
    "minimum-stability": "dev",
    "stability-flags": {
        "symfony/console": 20,
        "renanvaz/u": 20
    },
    "prefer-stable": false,
    "prefer-lowest": false,
    "platform": [],
    "platform-dev": []
}
